
Microsoft Visual Studio Solution File, Format Version 12.00
# Visual Studio Version 16
VisualStudioVersion = 16.0.33920.266
MinimumVisualStudioVersion = 10.0.40219.1
Project("{FAE04EC0-301F-11D3-BF4B-00C04F79EFBC}") = "tema16prkt3", "tema16prkt3.csproj", "{8EED977A-8320-4571-AEF6-D2547F741B2D}"
EndProject
Global
	GlobalSection(SolutionConfigurationPlatforms) = preSolution
		Debug|Any CPU = Debug|Any CPU
		Release|Any CPU = Release|Any CPU
	EndGlobalSection
	GlobalSection(ProjectConfigurationPlatforms) = postSolution
		{8EED977A-8320-4571-AEF6-D2547F741B2D}.Debug|Any CPU.ActiveCfg = Debug|Any CPU
		{8EED977A-8320-4571-AEF6-D2547F741B2D}.Debug|Any CPU.Build.0 = Debug|Any CPU
		{8EED977A-8320-4571-AEF6-D2547F741B2D}.Release|Any CPU.ActiveCfg = Release|Any CPU
		{8EED977A-8320-4571-AEF6-D2547F741B2D}.Release|Any CPU.Build.0 = Release|Any CPU
	EndGlobalSection
	GlobalSection(SolutionProperties) = preSolution
		HideSolutionNode = FALSE
	EndGlobalSection
	GlobalSection(ExtensibilityGlobals) = postSolution
		SolutionGuid = {F65A6BBF-6F1E-4B80-9DC4-B6A57D0D1610}
	EndGlobalSection
EndGlobal
